
Microsoft Visual Studio Solution File, Format Version 12.00
# Visual Studio Version 17
VisualStudioVersion = 17.5.002.0
MinimumVisualStudioVersion = 10.0.40219.1
Project("{9A19103F-16F7-4668-BE54-9A1E7A4F7556}") = "commcheck-api", "commcheck-api.csproj", "{60945A6F-7FEF-419D-9839-96B098EAF204}"
EndProject
Global
	GlobalSection(SolutionConfigurationPlatforms) = preSolution
		Debug|Any CPU = Debug|Any CPU
		Release|Any CPU = Release|Any CPU
	EndGlobalSection
	GlobalSection(ProjectConfigurationPlatforms) = postSolution
		{60945A6F-7FEF-419D-9839-96B098EAF204}.Debug|Any CPU.ActiveCfg = Debug|Any CPU
		{60945A6F-7FEF-419D-9839-96B098EAF204}.Debug|Any CPU.Build.0 = Debug|Any CPU
		{60945A6F-7FEF-419D-9839-96B098EAF204}.Release|Any CPU.ActiveCfg = Release|Any CPU
		{60945A6F-7FEF-419D-9839-96B098EAF204}.Release|Any CPU.Build.0 = Release|Any CPU
	EndGlobalSection
	GlobalSection(SolutionProperties) = preSolution
		HideSolutionNode = FALSE
	EndGlobalSection
	GlobalSection(ExtensibilityGlobals) = postSolution
		SolutionGuid = {ADAD5EC6-D965-4FB4-9C53-BB777ADDCD55}
	EndGlobalSection
EndGlobal
