
Microsoft Visual Studio Solution File, Format Version 12.00
# Visual Studio Version 17
VisualStudioVersion = 17.5.002.0
MinimumVisualStudioVersion = 10.0.40219.1
Project("{9A19103F-16F7-4668-BE54-9A1E7A4F7556}") = "commcheck-api", "src\commcheck-api.csproj", "{881840FF-921F-44AE-84F5-2D8F5586E58C}"
EndProject
Project("{FAE04EC0-301F-11D3-BF4B-00C04F79EFBC}") = "tests", "tests\tests.csproj", "{C2F1BC4C-122A-441B-ADCB-E10F880CC4F8}"
EndProject
Global
	GlobalSection(SolutionConfigurationPlatforms) = preSolution
		Debug|Any CPU = Debug|Any CPU
		Release|Any CPU = Release|Any CPU
	EndGlobalSection
	GlobalSection(ProjectConfigurationPlatforms) = postSolution
		{881840FF-921F-44AE-84F5-2D8F5586E58C}.Debug|Any CPU.ActiveCfg = Debug|Any CPU
		{881840FF-921F-44AE-84F5-2D8F5586E58C}.Debug|Any CPU.Build.0 = Debug|Any CPU
		{881840FF-921F-44AE-84F5-2D8F5586E58C}.Release|Any CPU.ActiveCfg = Release|Any CPU
		{881840FF-921F-44AE-84F5-2D8F5586E58C}.Release|Any CPU.Build.0 = Release|Any CPU
		{C2F1BC4C-122A-441B-ADCB-E10F880CC4F8}.Debug|Any CPU.ActiveCfg = Debug|Any CPU
		{C2F1BC4C-122A-441B-ADCB-E10F880CC4F8}.Debug|Any CPU.Build.0 = Debug|Any CPU
		{C2F1BC4C-122A-441B-ADCB-E10F880CC4F8}.Release|Any CPU.ActiveCfg = Release|Any CPU
		{C2F1BC4C-122A-441B-ADCB-E10F880CC4F8}.Release|Any CPU.Build.0 = Release|Any CPU
	EndGlobalSection
	GlobalSection(SolutionProperties) = preSolution
		HideSolutionNode = FALSE
	EndGlobalSection
	GlobalSection(ExtensibilityGlobals) = postSolution
		SolutionGuid = {B79B6412-050C-4DBC-B2A4-67BAD2EF03BD}
	EndGlobalSection
EndGlobal
